{
  "nodes": {
    "flake-utils": {
      "locked": {
        "lastModified": 1631561581,
        "narHash": "sha256-3VQMV5zvxaVLvqqUrNz3iJelLw30mIVSfZmAaauM3dA=",
        "owner": "numtide",
        "repo": "flake-utils",
        "rev": "7e5bf3925f6fbdfaf50a2a7ca0be2879c4261d19",
        "type": "github"
      },
      "original": {
        "owner": "numtide",
        "repo": "flake-utils",
        "type": "github"
      }
    },
    "haskell-flake-utils": {
      "inputs": {
        "flake-utils": "flake-utils"
      },
      "locked": {
        "lastModified": 1633976556,
        "narHash": "sha256-Czfnh5yeE2JyRYoypoKHtWOFmrrqf+We5063ik0cvkY=",
        "owner": "ivanovs-4",
        "repo": "haskell-flake-utils",
        "rev": "2566d76e2b4b9c6e6cd7dabcf0cd96eb3a54738f",
        "type": "github"
      },
      "original": {
        "owner": "ivanovs-4",
        "repo": "haskell-flake-utils",
        "type": "github"
      }
    },
    "nixpkgs": {
      "locked": {
        "lastModified": 1633982831,
        "narHash": "sha256-MLYar7CVfQHaTk2ZojYOVlQqPtqU0Swpxb6I3IkZ++s=",
        "owner": "NixOS",
        "repo": "nixpkgs",
        "rev": "2cdd608fab0af07647da29634627a42852a8c97f",
        "type": "github"
      },
      "original": {
        "owner": "NixOS",
        "repo": "nixpkgs",
        "type": "github"
      }
    },
    "root": {
      "inputs": {
        "haskell-flake-utils": "haskell-flake-utils",
        "nixpkgs": "nixpkgs"
      }
    }
  },
  "root": "root",
  "version": 7
}
